// !$*UTF8*$!
{
	archiveVersion = 1;
	classes = {
	};
	objectVersion = 56;
	objects = {

/* Begin PBXBuildFile section */
		65E7AED02BFE6FA300B31DBF /* AppDelegate.swift in Sources */ = {isa = PBXBuildFile; fileRef = 65E7AECF2BFE6FA300B31DBF /* AppDelegate.swift */; };
		65E7AED22BFE6FA300B31DBF /* SceneDelegate.swift in Sources */ = {isa = PBXBuildFile; fileRef = 65E7AED12BFE6FA300B31DBF /* SceneDelegate.swift */; };
		65E7AED42BFE6FA300B31DBF /* ViewController.swift in Sources */ = {isa = PBXBuildFile; fileRef = 65E7AED32BFE6FA300B31DBF /* ViewController.swift */; };
		65E7AED72BFE6FA300B31DBF /* Base in Resources */ = {isa = PBXBuildFile; fileRef = 65E7AED62BFE6FA300B31DBF /* Base */; };
		65E7AED92BFE6FA400B31DBF /* Assets.xcassets in Resources */ = {isa = PBXBuildFile; fileRef = 65E7AED82BFE6FA400B31DBF /* Assets.xcassets */; };
		65E7AEDC2BFE6FA400B31DBF /* Base in Resources */ = {isa = PBXBuildFile; fileRef = 65E7AEDB2BFE6FA400B31DBF /* Base */; };
		65FA14922C6C3204004C85E8 /* gestureApp.swift in Sources */ = {isa = PBXBuildFile; fileRef = 65FA14912C6C3204004C85E8 /* gestureApp.swift */; };
		65FA14942C6C3204004C85E8 /* ContentView.swift in Sources */ = {isa = PBXBuildFile; fileRef = 65FA14932C6C3204004C85E8 /* ContentView.swift */; };
		65FA14962C6C3205004C85E8 /* Assets.xcassets in Resources */ = {isa = PBXBuildFile; fileRef = 65FA14952C6C3205004C85E8 /* Assets.xcassets */; };
		65FA14992C6C3205004C85E8 /* Preview Assets.xcassets in Resources */ = {isa = PBXBuildFile; fileRef = 65FA14982C6C3205004C85E8 /* Preview Assets.xcassets */; };
		65FA149C2C6C3205004C85E8 /* gesture Watch App.app in Embed Watch Content */ = {isa = PBXBuildFile; fileRef = 65FA148F2C6C3204004C85E8 /* gesture Watch App.app */; settings = {ATTRIBUTES = (RemoveHeadersOnCopy, ); }; };
/* End PBXBuildFile section */

/* Begin PBXContainerItemProxy section */
		65FA149A2C6C3205004C85E8 /* PBXContainerItemProxy */ = {
			isa = PBXContainerItemProxy;
			containerPortal = 65E7AEC42BFE6FA300B31DBF /* Project object */;
			proxyType = 1;
			remoteGlobalIDString = 65FA148E2C6C3204004C85E8;
			remoteInfo = "gesture Watch App";
		};
/* End PBXContainerItemProxy section */

/* Begin PBXCopyFilesBuildPhase section */
		65FA14472C6C26A7004C85E8 /* Embed Watch Content */ = {
			isa = PBXCopyFilesBuildPhase;
			buildActionMask = 2147483647;
			dstPath = "$(CONTENTS_FOLDER_PATH)/Watch";
			dstSubfolderSpec = 16;
			files = (
				65FA149C2C6C3205004C85E8 /* gesture Watch App.app in Embed Watch Content */,
			);
			name = "Embed Watch Content";
			runOnlyForDeploymentPostprocessing = 0;
		};
/* End PBXCopyFilesBuildPhase section */

/* Begin PBXFileReference section */
		652EEB952C699551001F99A4 /* WatchConnectivity.framework */ = {isa = PBXFileReference; lastKnownFileType = wrapper.framework; name = WatchConnectivity.framework; path = System/Library/Frameworks/WatchConnectivity.framework; sourceTree = SDKROOT; };
		652EEB972C69958C001F99A4 /* WatchConnectivity.framework */ = {isa = PBXFileReference; lastKnownFileType = wrapper.framework; name = WatchConnectivity.framework; path = Platforms/WatchOS.platform/Developer/SDKs/WatchOS10.5.sdk/System/Library/Frameworks/WatchConnectivity.framework; sourceTree = DEVELOPER_DIR; };
		65E7AECC2BFE6FA300B31DBF /* text edit.app */ = {isa = PBXFileReference; explicitFileType = wrapper.application; includeInIndex = 0; path = "text edit.app"; sourceTree = BUILT_PRODUCTS_DIR; };
		65E7AECF2BFE6FA300B31DBF /* AppDelegate.swift */ = {isa = PBXFileReference; lastKnownFileType = sourcecode.swift; path = AppDelegate.swift; sourceTree = "<group>"; };
		65E7AED12BFE6FA300B31DBF /* SceneDelegate.swift */ = {isa = PBXFileReference; lastKnownFileType = sourcecode.swift; path = SceneDelegate.swift; sourceTree = "<group>"; };
		65E7AED32BFE6FA300B31DBF /* ViewController.swift */ = {isa = PBXFileReference; lastKnownFileType = sourcecode.swift; path = ViewController.swift; sourceTree = "<group>"; xcLanguageSpecificationIdentifier = xcode.lang.xcfilelist; };
		65E7AED62BFE6FA300B31DBF /* Base */ = {isa = PBXFileReference; lastKnownFileType = file.storyboard; name = Base; path = Base.lproj/Main.storyboard; sourceTree = "<group>"; };
		65E7AED82BFE6FA400B31DBF /* Assets.xcassets */ = {isa = PBXFileReference; lastKnownFileType = folder.assetcatalog; path = Assets.xcassets; sourceTree = "<group>"; };
		65E7AEDB2BFE6FA400B31DBF /* Base */ = {isa = PBXFileReference; lastKnownFileType = file.storyboard; name = Base; path = Base.lproj/LaunchScreen.storyboard; sourceTree = "<group>"; };
		65E7AEDD2BFE6FA400B31DBF /* Info.plist */ = {isa = PBXFileReference; lastKnownFileType = text.plist.xml; path = Info.plist; sourceTree = "<group>"; };
		65FA148F2C6C3204004C85E8 /* gesture Watch App.app */ = {isa = PBXFileReference; explicitFileType = wrapper.application; includeInIndex = 0; path = "gesture Watch App.app"; sourceTree = BUILT_PRODUCTS_DIR; };
		65FA14912C6C3204004C85E8 /* gestureApp.swift */ = {isa = PBXFileReference; lastKnownFileType = sourcecode.swift; path = gestureApp.swift; sourceTree = "<group>"; };
		65FA14932C6C3204004C85E8 /* ContentView.swift */ = {isa = PBXFileReference; lastKnownFileType = sourcecode.swift; path = ContentView.swift; sourceTree = "<group>"; };
		65FA14952C6C3205004C85E8 /* Assets.xcassets */ = {isa = PBXFileReference; lastKnownFileType = folder.assetcatalog; path = Assets.xcassets; sourceTree = "<group>"; };
		65FA14982C6C3205004C85E8 /* Preview Assets.xcassets */ = {isa = PBXFileReference; lastKnownFileType = folder.assetcatalog; path = "Preview Assets.xcassets"; sourceTree = "<group>"; };
/* End PBXFileReference section */

/* Begin PBXFrameworksBuildPhase section */
		65E7AEC92BFE6FA300B31DBF /* Frameworks */ = {
			isa = PBXFrameworksBuildPhase;
			buildActionMask = 2147483647;
			files = (
			);
			runOnlyForDeploymentPostprocessing = 0;
		};
		65FA148C2C6C3204004C85E8 /* Frameworks */ = {
			isa = PBXFrameworksBuildPhase;
			buildActionMask = 2147483647;
			files = (
			);
			runOnlyForDeploymentPostprocessing = 0;
		};
/* End PBXFrameworksBuildPhase section */

/* Begin PBXGroup section */
		652EEB942C699551001F99A4 /* Frameworks */ = {
			isa = PBXGroup;
			children = (
				652EEB972C69958C001F99A4 /* WatchConnectivity.framework */,
				652EEB952C699551001F99A4 /* WatchConnectivity.framework */,
			);
			name = Frameworks;
			sourceTree = "<group>";
		};
		65E7AEC32BFE6FA300B31DBF = {
			isa = PBXGroup;
			children = (
				65E7AECE2BFE6FA300B31DBF /* text edit */,
				65FA14902C6C3204004C85E8 /* gesture Watch App */,
				65E7AECD2BFE6FA300B31DBF /* Products */,
				652EEB942C699551001F99A4 /* Frameworks */,
			);
			sourceTree = "<group>";
		};
		65E7AECD2BFE6FA300B31DBF /* Products */ = {
			isa = PBXGroup;
			children = (
				65E7AECC2BFE6FA300B31DBF /* text edit.app */,
				65FA148F2C6C3204004C85E8 /* gesture Watch App.app */,
			);
			name = Products;
			sourceTree = "<group>";
		};
		65E7AECE2BFE6FA300B31DBF /* text edit */ = {
			isa = PBXGroup;
			children = (
				65E7AECF2BFE6FA300B31DBF /* AppDelegate.swift */,
				65E7AED12BFE6FA300B31DBF /* SceneDelegate.swift */,
				65E7AED32BFE6FA300B31DBF /* ViewController.swift */,
				65E7AED52BFE6FA300B31DBF /* Main.storyboard */,
				65E7AED82BFE6FA400B31DBF /* Assets.xcassets */,
				65E7AEDA2BFE6FA400B31DBF /* LaunchScreen.storyboard */,
				65E7AEDD2BFE6FA400B31DBF /* Info.plist */,
			);
			path = "text edit";
			sourceTree = "<group>";
		};
		65FA14902C6C3204004C85E8 /* gesture Watch App */ = {
			isa = PBXGroup;
			children = (
				65FA14912C6C3204004C85E8 /* gestureApp.swift */,
				65FA14932C6C3204004C85E8 /* ContentView.swift */,
				65FA14952C6C3205004C85E8 /* Assets.xcassets */,
				65FA14972C6C3205004C85E8 /* Preview Content */,
			);
			path = "gesture Watch App";
			sourceTree = "<group>";
		};
		65FA14972C6C3205004C85E8 /* Preview Content */ = {
			isa = PBXGroup;
			children = (
				65FA14982C6C3205004C85E8 /* Preview Assets.xcassets */,
			);
			path = "Preview Content";
			sourceTree = "<group>";
		};
/* End PBXGroup section */

/* Begin PBXNativeTarget section */
		65E7AECB2BFE6FA300B31DBF /* text edit */ = {
			isa = PBXNativeTarget;
			buildConfigurationList = 65E7AEE02BFE6FA400B31DBF /* Build configuration list for PBXNativeTarget "text edit" */;
			buildPhases = (
				65E7AEC82BFE6FA300B31DBF /* Sources */,
				65E7AEC92BFE6FA300B31DBF /* Frameworks */,
				65E7AECA2BFE6FA300B31DBF /* Resources */,
				65FA14472C6C26A7004C85E8 /* Embed Watch Content */,
			);
			buildRules = (
			);
			dependencies = (
				65FA149B2C6C3205004C85E8 /* PBXTargetDependency */,
			);
			name = "text edit";
			productName = "text edit";
			productReference = 65E7AECC2BFE6FA300B31DBF /* text edit.app */;
			productType = "com.apple.product-type.application";
		};
		65FA148E2C6C3204004C85E8 /* gesture Watch App */ = {
			isa = PBXNativeTarget;
			buildConfigurationList = 65FA149F2C6C3205004C85E8 /* Build configuration list for PBXNativeTarget "gesture Watch App" */;
			buildPhases = (
				65FA148B2C6C3204004C85E8 /* Sources */,
				65FA148C2C6C3204004C85E8 /* Frameworks */,
				65FA148D2C6C3204004C85E8 /* Resources */,
			);
			buildRules = (
			);
			dependencies = (
			);
			name = "gesture Watch App";
			productName = "gesture Watch App";
			productReference = 65FA148F2C6C3204004C85E8 /* gesture Watch App.app */;
			productType = "com.apple.product-type.application";
		};
/* End PBXNativeTarget section */

/* Begin PBXProject section */
		65E7AEC42BFE6FA300B31DBF /* Project object */ = {
			isa = PBXProject;
			attributes = {
				BuildIndependentTargetsInParallel = 1;
				LastSwiftUpdateCheck = 1540;
				LastUpgradeCheck = 1540;
				TargetAttributes = {
					65E7AECB2BFE6FA300B31DBF = {
						CreatedOnToolsVersion = 15.4;
					};
					65FA148E2C6C3204004C85E8 = {
						CreatedOnToolsVersion = 15.4;
					};
				};
			};
			buildConfigurationList = 65E7AEC72BFE6FA300B31DBF /* Build configuration list for PBXProject "text edit" */;
			compatibilityVersion = "Xcode 14.0";
			developmentRegion = en;
			hasScannedForEncodings = 0;
			knownRegions = (
				en,
				Base,
			);
			mainGroup = 65E7AEC32BFE6FA300B31DBF;
			packageReferences = (
				65398A772C6B9383002B93C5 /* XCRemoteSwiftPackageReference "Pulse" */,
			);
			productRefGroup = 65E7AECD2BFE6FA300B31DBF /* Products */;
			projectDirPath = "";
			projectRoot = "";
			targets = (
				65E7AECB2BFE6FA300B31DBF /* text edit */,
				65FA148E2C6C3204004C85E8 /* gesture Watch App */,
			);
		};
/* End PBXProject section */

/* Begin PBXResourcesBuildPhase section */
		65E7AECA2BFE6FA300B31DBF /* Resources */ = {
			isa = PBXResourcesBuildPhase;
			buildActionMask = 2147483647;
			files = (
				65E7AED92BFE6FA400B31DBF /* Assets.xcassets in Resources */,
				65E7AEDC2BFE6FA400B31DBF /* Base in Resources */,
				65E7AED72BFE6FA300B31DBF /* Base in Resources */,
			);
			runOnlyForDeploymentPostprocessing = 0;
		};
		65FA148D2C6C3204004C85E8 /* Resources */ = {
			isa = PBXResourcesBuildPhase;
			buildActionMask = 2147483647;
			files = (
				65FA14992C6C3205004C85E8 /* Preview Assets.xcassets in Resources */,
				65FA14962C6C3205004C85E8 /* Assets.xcassets in Resources */,
			);
			runOnlyForDeploymentPostprocessing = 0;
		};
/* End PBXResourcesBuildPhase section */

/* Begin PBXSourcesBuildPhase section */
		65E7AEC82BFE6FA300B31DBF /* Sources */ = {
			isa = PBXSourcesBuildPhase;
			buildActionMask = 2147483647;
			files = (
				65E7AED42BFE6FA300B31DBF /* ViewController.swift in Sources */,
				65E7AED02BFE6FA300B31DBF /* AppDelegate.swift in Sources */,
				65E7AED22BFE6FA300B31DBF /* SceneDelegate.swift in Sources */,
			);
			runOnlyForDeploymentPostprocessing = 0;
		};
		65FA148B2C6C3204004C85E8 /* Sources */ = {
			isa = PBXSourcesBuildPhase;
			buildActionMask = 2147483647;
			files = (
				65FA14942C6C3204004C85E8 /* ContentView.swift in Sources */,
				65FA14922C6C3204004C85E8 /* gestureApp.swift in Sources */,
			);
			runOnlyForDeploymentPostprocessing = 0;
		};
/* End PBXSourcesBuildPhase section */

/* Begin PBXTargetDependency section */
		65FA149B2C6C3205004C85E8 /* PBXTargetDependency */ = {
			isa = PBXTargetDependency;
			target = 65FA148E2C6C3204004C85E8 /* gesture Watch App */;
			targetProxy = 65FA149A2C6C3205004C85E8 /* PBXContainerItemProxy */;
		};
/* End PBXTargetDependency section */

/* Begin PBXVariantGroup section */
		65E7AED52BFE6FA300B31DBF /* Main.storyboard */ = {
			isa = PBXVariantGroup;
			children = (
				65E7AED62BFE6FA300B31DBF /* Base */,
			);
			name = Main.storyboard;
			sourceTree = "<group>";
		};
		65E7AEDA2BFE6FA400B31DBF /* LaunchScreen.storyboard */ = {
			isa = PBXVariantGroup;
			children = (
				65E7AEDB2BFE6FA400B31DBF /* Base */,
			);
			name = LaunchScreen.storyboard;
			sourceTree = "<group>";
		};
/* End PBXVariantGroup section */

/* Begin XCBuildConfiguration section */
		65E7AEDE2BFE6FA400B31DBF /* Debug */ = {
			isa = XCBuildConfiguration;
			buildSettings = {
				ALWAYS_SEARCH_USER_PATHS = NO;
				ASSETCATALOG_COMPILER_GENERATE_SWIFT_ASSET_SYMBOL_EXTENSIONS = YES;
				CLANG_ANALYZER_NONNULL = YES;
				CLANG_ANALYZER_NUMBER_OBJECT_CONVERSION = YES_AGGRESSIVE;
				CLANG_CXX_LANGUAGE_STANDARD = "gnu++20";
				CLANG_ENABLE_MODULES = YES;
				CLANG_ENABLE_OBJC_ARC = YES;
				CLANG_ENABLE_OBJC_WEAK = YES;
				CLANG_WARN_BLOCK_CAPTURE_AUTORELEASING = YES;
				CLANG_WARN_BOOL_CONVERSION = YES;
				CLANG_WARN_COMMA = YES;
				CLANG_WARN_CONSTANT_CONVERSION = YES;
				CLANG_WARN_DEPRECATED_OBJC_IMPLEMENTATIONS = YES;
				CLANG_WARN_DIRECT_OBJC_ISA_USAGE = YES_ERROR;
				CLANG_WARN_DOCUMENTATION_COMMENTS = YES;
				CLANG_WARN_EMPTY_BODY = YES;
				CLANG_WARN_ENUM_CONVERSION = YES;
				CLANG_WARN_INFINITE_RECURSION = YES;
				CLANG_WARN_INT_CONVERSION = YES;
				CLANG_WARN_NON_LITERAL_NULL_CONVERSION = YES;
				CLANG_WARN_OBJC_IMPLICIT_RETAIN_SELF = YES;
				CLANG_WARN_OBJC_LITERAL_CONVERSION = YES;
				CLANG_WARN_OBJC_ROOT_CLASS = YES_ERROR;
				CLANG_WARN_QUOTED_INCLUDE_IN_FRAMEWORK_HEADER = YES;
				CLANG_WARN_RANGE_LOOP_ANALYSIS = YES;
				CLANG_WARN_STRICT_PROTOTYPES = YES;
				CLANG_WARN_SUSPICIOUS_MOVE = YES;
				CLANG_WARN_UNGUARDED_AVAILABILITY = YES_AGGRESSIVE;
				CLANG_WARN_UNREACHABLE_CODE = YES;
				CLANG_WARN__DUPLICATE_METHOD_MATCH = YES;
				COPY_PHASE_STRIP = NO;
				DEBUG_INFORMATION_FORMAT = dwarf;
				ENABLE_STRICT_OBJC_MSGSEND = YES;
				ENABLE_TESTABILITY = YES;
				ENABLE_USER_SCRIPT_SANDBOXING = YES;
				GCC_C_LANGUAGE_STANDARD = gnu17;
				GCC_DYNAMIC_NO_PIC = NO;
				GCC_NO_COMMON_BLOCKS = YES;
				GCC_OPTIMIZATION_LEVEL = 0;
				GCC_PREPROCESSOR_DEFINITIONS = (
					"DEBUG=1",
					"$(inherited)",
				);
				GCC_WARN_64_TO_32_BIT_CONVERSION = YES;
				GCC_WARN_ABOUT_RETURN_TYPE = YES_ERROR;
				GCC_WARN_UNDECLARED_SELECTOR = YES;
				GCC_WARN_UNINITIALIZED_AUTOS = YES_AGGRESSIVE;
				GCC_WARN_UNUSED_FUNCTION = YES;
				GCC_WARN_UNUSED_VARIABLE = YES;
				IPHONEOS_DEPLOYMENT_TARGET = 17.5;
				LOCALIZATION_PREFERS_STRING_CATALOGS = YES;
				MTL_ENABLE_DEBUG_INFO = INCLUDE_SOURCE;
				MTL_FAST_MATH = YES;
				ONLY_ACTIVE_ARCH = YES;
				SDKROOT = iphoneos;
				SWIFT_ACTIVE_COMPILATION_CONDITIONS = "DEBUG $(inherited)";
				SWIFT_OPTIMIZATION_LEVEL = "-Onone";
			};
			name = Debug;
		};
		65E7AEDF2BFE6FA400B31DBF /* Release */ = {
			isa = XCBuildConfiguration;
			buildSettings = {
				ALWAYS_SEARCH_USER_PATHS = NO;
				ASSETCATALOG_COMPILER_GENERATE_SWIFT_ASSET_SYMBOL_EXTENSIONS = YES;
				CLANG_ANALYZER_NONNULL = YES;
				CLANG_ANALYZER_NUMBER_OBJECT_CONVERSION = YES_AGGRESSIVE;
				CLANG_CXX_LANGUAGE_STANDARD = "gnu++20";
				CLANG_ENABLE_MODULES = YES;
				CLANG_ENABLE_OBJC_ARC = YES;
				CLANG_ENABLE_OBJC_WEAK = YES;
				CLANG_WARN_BLOCK_CAPTURE_AUTORELEASING = YES;
				CLANG_WARN_BOOL_CONVERSION = YES;
				CLANG_WARN_COMMA = YES;
				CLANG_WARN_CONSTANT_CONVERSION = YES;
				CLANG_WARN_DEPRECATED_OBJC_IMPLEMENTATIONS = YES;
				CLANG_WARN_DIRECT_OBJC_ISA_USAGE = YES_ERROR;
				CLANG_WARN_DOCUMENTATION_COMMENTS = YES;
				CLANG_WARN_EMPTY_BODY = YES;
				CLANG_WARN_ENUM_CONVERSION = YES;
				CLANG_WARN_INFINITE_RECURSION = YES;
				CLANG_WARN_INT_CONVERSION = YES;
				CLANG_WARN_NON_LITERAL_NULL_CONVERSION = YES;
				CLANG_WARN_OBJC_IMPLICIT_RETAIN_SELF = YES;
				CLANG_WARN_OBJC_LITERAL_CONVERSION = YES;
				CLANG_WARN_OBJC_ROOT_CLASS = YES_ERROR;
				CLANG_WARN_QUOTED_INCLUDE_IN_FRAMEWORK_HEADER = YES;
				CLANG_WARN_RANGE_LOOP_ANALYSIS = YES;
				CLANG_WARN_STRICT_PROTOTYPES = YES;
				CLANG_WARN_SUSPICIOUS_MOVE = YES;
				CLANG_WARN_UNGUARDED_AVAILABILITY = YES_AGGRESSIVE;
				CLANG_WARN_UNREACHABLE_CODE = YES;
				CLANG_WARN__DUPLICATE_METHOD_MATCH = YES;
				COPY_PHASE_STRIP = NO;
				DEBUG_INFORMATION_FORMAT = "dwarf-with-dsym";
				ENABLE_NS_ASSERTIONS = NO;
				ENABLE_STRICT_OBJC_MSGSEND = YES;
				ENABLE_USER_SCRIPT_SANDBOXING = YES;
				GCC_C_LANGUAGE_STANDARD = gnu17;
				GCC_NO_COMMON_BLOCKS = YES;
				GCC_WARN_64_TO_32_BIT_CONVERSION = YES;
				GCC_WARN_ABOUT_RETURN_TYPE = YES_ERROR;
				GCC_WARN_UNDECLARED_SELECTOR = YES;
				GCC_WARN_UNINITIALIZED_AUTOS = YES_AGGRESSIVE;
				GCC_WARN_UNUSED_FUNCTION = YES;
				GCC_WARN_UNUSED_VARIABLE = YES;
				IPHONEOS_DEPLOYMENT_TARGET = 17.5;
				LOCALIZATION_PREFERS_STRING_CATALOGS = YES;
				MTL_ENABLE_DEBUG_INFO = NO;
				MTL_FAST_MATH = YES;
				SDKROOT = iphoneos;
				SWIFT_COMPILATION_MODE = wholemodule;
				VALIDATE_PRODUCT = YES;
			};
			name = Release;
		};
		65E7AEE12BFE6FA400B31DBF /* Debug */ = {
			isa = XCBuildConfiguration;
			buildSettings = {
				ALWAYS_EMBED_SWIFT_STANDARD_LIBRARIES = YES;
				ASSETCATALOG_COMPILER_APPICON_NAME = AppIcon;
				ASSETCATALOG_COMPILER_GLOBAL_ACCENT_COLOR_NAME = AccentColor;
				CODE_SIGN_STYLE = Automatic;
				CURRENT_PROJECT_VERSION = 1;
				DEVELOPMENT_TEAM = QAM8XYX33F;
				GENERATE_INFOPLIST_FILE = YES;
				INFOPLIST_FILE = "";
				INFOPLIST_KEY_LSSupportsOpeningDocumentsInPlace = YES;
				INFOPLIST_KEY_UIApplicationSupportsIndirectInputEvents = YES;
				INFOPLIST_KEY_UILaunchStoryboardName = LaunchScreen;
				INFOPLIST_KEY_UIMainStoryboardFile = Main;
				INFOPLIST_KEY_UISupportedInterfaceOrientations_iPad = "UIInterfaceOrientationPortrait UIInterfaceOrientationPortraitUpsideDown UIInterfaceOrientationLandscapeLeft UIInterfaceOrientationLandscapeRight";
				INFOPLIST_KEY_UISupportedInterfaceOrientations_iPhone = "UIInterfaceOrientationPortrait UIInterfaceOrientationLandscapeLeft UIInterfaceOrientationLandscapeRight";
				LD_RUNPATH_SEARCH_PATHS = (
					"$(inherited)",
					"@executable_path/Frameworks",
				);
				MARKETING_VERSION = 1.0;
				PRODUCT_BUNDLE_IDENTIFIER = "touch.text-editing";
				PRODUCT_NAME = "$(TARGET_NAME)";
				SWIFT_EMIT_LOC_STRINGS = YES;
				SWIFT_VERSION = 5.0;
				TARGETED_DEVICE_FAMILY = "1,2";
			};
			name = Debug;
		};
		65E7AEE22BFE6FA400B31DBF /* Release */ = {
			isa = XCBuildConfiguration;
			buildSettings = {
				ALWAYS_EMBED_SWIFT_STANDARD_LIBRARIES = YES;
				ASSETCATALOG_COMPILER_APPICON_NAME = AppIcon;
				ASSETCATALOG_COMPILER_GLOBAL_ACCENT_COLOR_NAME = AccentColor;
				CODE_SIGN_STYLE = Automatic;
				CURRENT_PROJECT_VERSION = 1;
				DEVELOPMENT_TEAM = M4DNVMNSZG;
				GENERATE_INFOPLIST_FILE = YES;
				INFOPLIST_FILE = "";
				INFOPLIST_KEY_LSSupportsOpeningDocumentsInPlace = YES;
				INFOPLIST_KEY_UIApplicationSupportsIndirectInputEvents = YES;
				INFOPLIST_KEY_UILaunchStoryboardName = LaunchScreen;
				INFOPLIST_KEY_UIMainStoryboardFile = Main;
				INFOPLIST_KEY_UISupportedInterfaceOrientations_iPad = "UIInterfaceOrientationPortrait UIInterfaceOrientationPortraitUpsideDown UIInterfaceOrientationLandscapeLeft UIInterfaceOrientationLandscapeRight";
				INFOPLIST_KEY_UISupportedInterfaceOrientations_iPhone = "UIInterfaceOrientationPortrait UIInterfaceOrientationLandscapeLeft UIInterfaceOrientationLandscapeRight";
				LD_RUNPATH_SEARCH_PATHS = (
					"$(inherited)",
					"@executable_path/Frameworks",
				);
				MARKETING_VERSION = 1.0;
				PRODUCT_BUNDLE_IDENTIFIER = "touch.text-edit";
				PRODUCT_NAME = "$(TARGET_NAME)";
				SWIFT_EMIT_LOC_STRINGS = YES;
				SWIFT_VERSION = 5.0;
				TARGETED_DEVICE_FAMILY = "1,2";
			};
			name = Release;
		};
		65FA149D2C6C3205004C85E8 /* Debug */ = {
			isa = XCBuildConfiguration;
			buildSettings = {
				ASSETCATALOG_COMPILER_APPICON_NAME = AppIcon;
				ASSETCATALOG_COMPILER_GLOBAL_ACCENT_COLOR_NAME = AccentColor;
				CODE_SIGN_STYLE = Automatic;
				CURRENT_PROJECT_VERSION = 1;
				DEVELOPMENT_ASSET_PATHS = "\"gesture Watch App/Preview Content\"";
				DEVELOPMENT_TEAM = QAM8XYX33F;
				ENABLE_PREVIEWS = YES;
				GENERATE_INFOPLIST_FILE = YES;
				INFOPLIST_FILE = "";
				INFOPLIST_KEY_CFBundleDisplayName = gesture;
				INFOPLIST_KEY_MetalCaptureEnabled = NO;
				INFOPLIST_KEY_UISupportedInterfaceOrientations = "UIInterfaceOrientationPortrait UIInterfaceOrientationPortraitUpsideDown";
				INFOPLIST_KEY_WKCompanionAppBundleIdentifier = "touch.text-editing";
				LD_RUNPATH_SEARCH_PATHS = (
					"$(inherited)",
					"@executable_path/Frameworks",
				);
				MARKETING_VERSION = 1.0;
				PRODUCT_BUNDLE_IDENTIFIER = "touch.text-editing.watchkitapp";
				PRODUCT_NAME = "$(TARGET_NAME)";
				SDKROOT = watchos;
				SKIP_INSTALL = YES;
				SWIFT_EMIT_LOC_STRINGS = YES;
				SWIFT_VERSION = 5.0;
				TARGETED_DEVICE_FAMILY = 4;
				WATCHOS_DEPLOYMENT_TARGET = 10.5;
			};
			name = Debug;
		};
		65FA149E2C6C3205004C85E8 /* Release */ = {
			isa = XCBuildConfiguration;
			buildSettings = {
				ASSETCATALOG_COMPILER_APPICON_NAME = AppIcon;
				ASSETCATALOG_COMPILER_GLOBAL_ACCENT_COLOR_NAME = AccentColor;
				CODE_SIGN_STYLE = Automatic;
				CURRENT_PROJECT_VERSION = 1;
				DEVELOPMENT_ASSET_PATHS = "\"gesture Watch App/Preview Content\"";
				DEVELOPMENT_TEAM = M4DNVMNSZG;
				ENABLE_PREVIEWS = YES;
				GENERATE_INFOPLIST_FILE = YES;
				INFOPLIST_FILE = "";
				INFOPLIST_KEY_CFBundleDisplayName = gesture;
				INFOPLIST_KEY_MetalCaptureEnabled = NO;
				INFOPLIST_KEY_UISupportedInterfaceOrientations = "UIInterfaceOrientationPortrait UIInterfaceOrientationPortraitUpsideDown";
				INFOPLIST_KEY_WKCompanionAppBundleIdentifier = "touch.text-editing";
				LD_RUNPATH_SEARCH_PATHS = (
					"$(inherited)",
					"@executable_path/Frameworks",
				);
				MARKETING_VERSION = 1.0;
				PRODUCT_BUNDLE_IDENTIFIER = "touch.text-edit.watchkitapp";
				PRODUCT_NAME = "$(TARGET_NAME)";
				SDKROOT = watchos;
				SKIP_INSTALL = YES;
				SWIFT_EMIT_LOC_STRINGS = YES;
				SWIFT_VERSION = 5.0;
				TARGETED_DEVICE_FAMILY = 4;
				WATCHOS_DEPLOYMENT_TARGET = 10.5;
			};
			name = Release;
		};
/* End XCBuildConfiguration section */

/* Begin XCConfigurationList section */
		65E7AEC72BFE6FA300B31DBF /* Build configuration list for PBXProject "text edit" */ = {
			isa = XCConfigurationList;
			buildConfigurations = (
				65E7AEDE2BFE6FA400B31DBF /* Debug */,
				65E7AEDF2BFE6FA400B31DBF /* Release */,
			);
			defaultConfigurationIsVisible = 0;
			defaultConfigurationName = Release;
		};
		65E7AEE02BFE6FA400B31DBF /* Build configuration list for PBXNativeTarget "text edit" */ = {
			isa = XCConfigurationList;
			buildConfigurations = (
				65E7AEE12BFE6FA400B31DBF /* Debug */,
				65E7AEE22BFE6FA400B31DBF /* Release */,
			);
			defaultConfigurationIsVisible = 0;
			defaultConfigurationName = Release;
		};
		65FA149F2C6C3205004C85E8 /* Build configuration list for PBXNativeTarget "gesture Watch App" */ = {
			isa = XCConfigurationList;
			buildConfigurations = (
				65FA149D2C6C3205004C85E8 /* Debug */,
				65FA149E2C6C3205004C85E8 /* Release */,
			);
			defaultConfigurationIsVisible = 0;
			defaultConfigurationName = Release;
		};
/* End XCConfigurationList section */

/* Begin XCRemoteSwiftPackageReference section */
		65398A772C6B9383002B93C5 /* XCRemoteSwiftPackageReference "Pulse" */ = {
			isa = XCRemoteSwiftPackageReference;
			repositoryURL = "https://github.com/kean/Pulse";
			requirement = {
				kind = upToNextMajorVersion;
				minimumVersion = 4.2.7;
			};
		};
/* End XCRemoteSwiftPackageReference section */
	};
	rootObject = 65E7AEC42BFE6FA300B31DBF /* Project object */;
}
